
Microsoft Visual Studio Solution File, Format Version 12.00
# Visual Studio 2013
VisualStudioVersion = 12.0.40629.0
MinimumVisualStudioVersion = 10.0.40219.1
Project("{8BC9CEB8-8B4A-11D0-8D11-00A0C91BC942}") = "VectorGravity", "VectorGravity\VectorGravity.vcxproj", "{9510F802-0E1D-404D-A478-7953E1D6AE18}"
EndProject
Project("{8BC9CEB8-8B4A-11D0-8D11-00A0C91BC942}") = "c++ Library", "c++ Library\c++ Library.vcxproj", "{BFD11D29-6054-48B9-A824-6D527E0CF112}"
EndProject
Global
	GlobalSection(SolutionConfigurationPlatforms) = preSolution
		Debug|Win32 = Debug|Win32
		Release|Win32 = Release|Win32
	EndGlobalSection
	GlobalSection(ProjectConfigurationPlatforms) = postSolution
		{9510F802-0E1D-404D-A478-7953E1D6AE18}.Debug|Win32.ActiveCfg = Debug|Win32
		{9510F802-0E1D-404D-A478-7953E1D6AE18}.Debug|Win32.Build.0 = Debug|Win32
		{9510F802-0E1D-404D-A478-7953E1D6AE18}.Release|Win32.ActiveCfg = Release|Win32
		{9510F802-0E1D-404D-A478-7953E1D6AE18}.Release|Win32.Build.0 = Release|Win32
		{BFD11D29-6054-48B9-A824-6D527E0CF112}.Debug|Win32.ActiveCfg = Debug|Win32
		{BFD11D29-6054-48B9-A824-6D527E0CF112}.Debug|Win32.Build.0 = Debug|Win32
		{BFD11D29-6054-48B9-A824-6D527E0CF112}.Release|Win32.ActiveCfg = Release|Win32
		{BFD11D29-6054-48B9-A824-6D527E0CF112}.Release|Win32.Build.0 = Release|Win32
	EndGlobalSection
	GlobalSection(SolutionProperties) = preSolution
		HideSolutionNode = FALSE
	EndGlobalSection
EndGlobal
