<?xml version="1.0" encoding="utf-8"?>
<Project ToolsVersion="4.0" xmlns="http://schemas.microsoft.com/developer/msbuild/2003">
  <ItemGroup>
    <Filter Include="リソース ファイル">
      <UniqueIdentifier>{67DA6AB6-F800-4c08-8B7A-83BB121AAD01}</UniqueIdentifier>
      <Extensions>rc;ico;cur;bmp;dlg;rc2;rct;bin;rgs;gif;jpg;jpeg;jpe;resx;tiff;tif;png;wav;mfcribbon-ms</Extensions>
    </Filter>
    <Filter Include="Main">
      <UniqueIdentifier>{6b81e9ec-49b9-4ee0-9969-10bc78100c40}</UniqueIdentifier>
    </Filter>
    <Filter Include="Main\Bullet">
      <UniqueIdentifier>{b63e9740-9098-4f91-9a0f-315141f7bf8d}</UniqueIdentifier>
    </Filter>
    <Filter Include="Main\Bullet\GumBullet">
      <UniqueIdentifier>{a6e8aacf-8391-4480-8c11-bd2b377489d7}</UniqueIdentifier>
    </Filter>
    <Filter Include="Main\Bullet\GumBullet\Vector">
      <UniqueIdentifier>{493524d4-04ad-40c0-942d-ffc2c1c1dd19}</UniqueIdentifier>
    </Filter>
    <Filter Include="Main\Bullet\NormalBullet">
      <UniqueIdentifier>{109f8cbb-82cf-4b94-b0a5-fbacc7afe3c4}</UniqueIdentifier>
    </Filter>
    <Filter Include="Main\Bullet\PierceBullet">
      <UniqueIdentifier>{dfc49abb-5fdd-4ce0-a3b9-1ca9ea6e7c10}</UniqueIdentifier>
    </Filter>
    <Filter Include="Main\Camera">
      <UniqueIdentifier>{8eaeb685-a918-47ae-a8b1-d6b6f9046448}</UniqueIdentifier>
    </Filter>
    <Filter Include="Main\Enemy">
      <UniqueIdentifier>{3e71dc54-ad55-4cf1-9516-3d280455f681}</UniqueIdentifier>
    </Filter>
    <Filter Include="Main\Gimmck">
      <UniqueIdentifier>{470b204b-cbba-4eb1-afaf-437ca185b68c}</UniqueIdentifier>
    </Filter>
    <Filter Include="Main\Player">
      <UniqueIdentifier>{1bd5e9b0-7f20-46d6-bc6e-ab5a3f1eb507}</UniqueIdentifier>
    </Filter>
    <Filter Include="Main\Scene">
      <UniqueIdentifier>{30c2c0e5-51b9-4696-9e63-cff604cd07fe}</UniqueIdentifier>
    </Filter>
    <Filter Include="Main\UI">
      <UniqueIdentifier>{a0116d4c-9976-442a-be48-f67f19791576}</UniqueIdentifier>
    </Filter>
    <Filter Include="Main\Enemy\LastBoss">
      <UniqueIdentifier>{fcef6a13-79b3-4abc-911f-4f629dfe956c}</UniqueIdentifier>
    </Filter>
    <Filter Include="Main\Enemy\MiddleBoss">
      <UniqueIdentifier>{0196040d-8b11-46f9-a710-b243a53d51a3}</UniqueIdentifier>
    </Filter>
    <Filter Include="Main\Enemy\Soldier">
      <UniqueIdentifier>{39694410-dbcd-4caa-ab21-88abdd48d7d4}</UniqueIdentifier>
    </Filter>
    <Filter Include="Main\Enemy\Tank">
      <UniqueIdentifier>{5491546b-5698-4f17-8d4e-8e139ef3e5c6}</UniqueIdentifier>
    </Filter>
    <Filter Include="Main\Enemy\LastBoss\Bomb">
      <UniqueIdentifier>{69f83145-2964-46e9-8eba-02df6a3c0a49}</UniqueIdentifier>
    </Filter>
    <Filter Include="Main\Enemy\Soldier\BarrierLongRange">
      <UniqueIdentifier>{c69fbe59-4ec5-4a5a-b07c-29c32dcdcd5c}</UniqueIdentifier>
    </Filter>
    <Filter Include="Main\Enemy\Soldier\LongRange">
      <UniqueIdentifier>{a0bca558-ba8d-4ac0-a998-e80968e96c41}</UniqueIdentifier>
    </Filter>
    <Filter Include="Main\Enemy\Soldier\CrossRange">
      <UniqueIdentifier>{f3764177-a736-4e91-9743-f01f9ceeaee1}</UniqueIdentifier>
    </Filter>
    <Filter Include="Main\UI\Hp">
      <UniqueIdentifier>{31b3fcc3-ab7f-4dc5-b4ed-0a95626672ae}</UniqueIdentifier>
    </Filter>
    <Filter Include="Main\UI\Mp">
      <UniqueIdentifier>{c270ae8b-ff93-4292-ad74-b82fc236a1be}</UniqueIdentifier>
    </Filter>
    <Filter Include="Main\UI\BulletNum">
      <UniqueIdentifier>{9412b1df-03dd-4151-90d6-bfca32f0d12c}</UniqueIdentifier>
    </Filter>
    <Filter Include="Main\Player\Gravity">
      <UniqueIdentifier>{079f3ca4-8589-437e-87cd-9305b4ee6a0b}</UniqueIdentifier>
    </Filter>
    <Filter Include="Main\Collision">
      <UniqueIdentifier>{2b950472-556b-4b1c-b35d-ee0a4248f630}</UniqueIdentifier>
    </Filter>
    <Filter Include="Main\Enemy\Cannon">
      <UniqueIdentifier>{f565687e-4183-43ef-82ec-0b5b5cbc0d86}</UniqueIdentifier>
    </Filter>
  </ItemGroup>
  <ItemGroup>
    <ClCompile Include="Main.cpp">
      <Filter>Main</Filter>
    </ClCompile>
    <ClCompile Include="Player\Gravity\Gravity.cpp">
      <Filter>Main\Player\Gravity</Filter>
    </ClCompile>
    <ClCompile Include="Player\Player.cpp">
      <Filter>Main\Player</Filter>
    </ClCompile>
    <ClCompile Include="Scene\Scene.cpp">
      <Filter>Main\Scene</Filter>
    </ClCompile>
    <ClCompile Include="UI\UI.cpp">
      <Filter>Main\UI</Filter>
    </ClCompile>
    <ClCompile Include="UI\Hp\Hp.cpp">
      <Filter>Main\UI\Hp</Filter>
    </ClCompile>
    <ClCompile Include="UI\Mp\Mp.cpp">
      <Filter>Main\UI\Mp</Filter>
    </ClCompile>
    <ClCompile Include="UI\BulletNum\BulletNum.cpp">
      <Filter>Main\UI\BulletNum</Filter>
    </ClCompile>
    <ClCompile Include="Gimmck\Gimmck.cpp">
      <Filter>Main\Gimmck</Filter>
    </ClCompile>
    <ClCompile Include="Enemy\Soldier\BarrierLongRange\BarrierLongRange.cpp">
      <Filter>Main\Enemy\Soldier\BarrierLongRange</Filter>
    </ClCompile>
    <ClCompile Include="Enemy\Soldier\CrossRange\CrossRange.cpp">
      <Filter>Main\Enemy\Soldier\CrossRange</Filter>
    </ClCompile>
    <ClCompile Include="Enemy\Soldier\LongRange\LongRange.cpp">
      <Filter>Main\Enemy\Soldier\LongRange</Filter>
    </ClCompile>
    <ClCompile Include="Enemy\Soldier\Soldier.cpp">
      <Filter>Main\Enemy\Soldier</Filter>
    </ClCompile>
    <ClCompile Include="Enemy\Tank\Tank.cpp">
      <Filter>Main\Enemy\Tank</Filter>
    </ClCompile>
    <ClCompile Include="Enemy\MiddleBoss\MiddleBoss.cpp">
      <Filter>Main\Enemy\MiddleBoss</Filter>
    </ClCompile>
    <ClCompile Include="Enemy\LastBoss\Bomb\Bomb.cpp">
      <Filter>Main\Enemy\LastBoss\Bomb</Filter>
    </ClCompile>
    <ClCompile Include="Enemy\LastBoss\LastBoss.cpp">
      <Filter>Main\Enemy\LastBoss</Filter>
    </ClCompile>
    <ClCompile Include="Enemy\Enemy.cpp">
      <Filter>Main\Enemy</Filter>
    </ClCompile>
    <ClCompile Include="Camera\Camera.cpp">
      <Filter>Main\Camera</Filter>
    </ClCompile>
    <ClCompile Include="Bullet\Bullet.cpp">
      <Filter>Main\Bullet</Filter>
    </ClCompile>
    <ClCompile Include="Bullet\GumBullet\Vector\Vector.cpp">
      <Filter>Main\Bullet\GumBullet\Vector</Filter>
    </ClCompile>
    <ClCompile Include="Bullet\GumBullet\GumBullet.cpp">
      <Filter>Main\Bullet\GumBullet</Filter>
    </ClCompile>
    <ClCompile Include="Bullet\PierceBullet\PierceBullet.cpp">
      <Filter>Main\Bullet\PierceBullet</Filter>
    </ClCompile>
    <ClCompile Include="Bullet\NormalBullet\NormalBullet.cpp">
      <Filter>Main\Bullet\NormalBullet</Filter>
    </ClCompile>
    <ClCompile Include="Collision.cpp">
      <Filter>Main\Collision</Filter>
    </ClCompile>
    <ClCompile Include="Enemy\Battery\Cannon.cpp">
      <Filter>Main\Enemy\Cannon</Filter>
    </ClCompile>
  </ItemGroup>
  <ItemGroup>
    <ClInclude Include="Player\Gravity\Gravity.h">
      <Filter>Main\Player\Gravity</Filter>
    </ClInclude>
    <ClInclude Include="Player\Player.h">
      <Filter>Main\Player</Filter>
    </ClInclude>
    <ClInclude Include="Scene\Scene.h">
      <Filter>Main\Scene</Filter>
    </ClInclude>
    <ClInclude Include="UI\UI.h">
      <Filter>Main\UI</Filter>
    </ClInclude>
    <ClInclude Include="UI\Hp\Hp.h">
      <Filter>Main\UI\Hp</Filter>
    </ClInclude>
    <ClInclude Include="UI\Mp\Mp.h">
      <Filter>Main\UI\Mp</Filter>
    </ClInclude>
    <ClInclude Include="UI\BulletNum\BulletNum.h">
      <Filter>Main\UI\BulletNum</Filter>
    </ClInclude>
    <ClInclude Include="Gimmck\Gimmck.h">
      <Filter>Main\Gimmck</Filter>
    </ClInclude>
    <ClInclude Include="Enemy\Soldier\BarrierLongRange\BarrierLongRange.h">
      <Filter>Main\Enemy\Soldier\BarrierLongRange</Filter>
    </ClInclude>
    <ClInclude Include="Enemy\Soldier\CrossRange\CrossRange.h">
      <Filter>Main\Enemy\Soldier\CrossRange</Filter>
    </ClInclude>
    <ClInclude Include="Enemy\Soldier\LongRange\LongRange.h">
      <Filter>Main\Enemy\Soldier\LongRange</Filter>
    </ClInclude>
    <ClInclude Include="Enemy\Soldier\Soldier.h">
      <Filter>Main\Enemy\Soldier</Filter>
    </ClInclude>
    <ClInclude Include="Enemy\Tank\Tank.h">
      <Filter>Main\Enemy\Tank</Filter>
    </ClInclude>
    <ClInclude Include="Enemy\MiddleBoss\MiddleBoss.h">
      <Filter>Main\Enemy\MiddleBoss</Filter>
    </ClInclude>
    <ClInclude Include="Enemy\LastBoss\Bomb\Bomb.h">
      <Filter>Main\Enemy\LastBoss\Bomb</Filter>
    </ClInclude>
    <ClInclude Include="Enemy\LastBoss\LastBoss.h">
      <Filter>Main\Enemy\LastBoss</Filter>
    </ClInclude>
    <ClInclude Include="Enemy\Enemy.h">
      <Filter>Main\Enemy</Filter>
    </ClInclude>
    <ClInclude Include="Camera\Camera.h">
      <Filter>Main\Camera</Filter>
    </ClInclude>
    <ClInclude Include="Bullet\Bullet.h">
      <Filter>Main\Bullet</Filter>
    </ClInclude>
    <ClInclude Include="Bullet\GumBullet\Vector\Vector.h">
      <Filter>Main\Bullet\GumBullet\Vector</Filter>
    </ClInclude>
    <ClInclude Include="Bullet\GumBullet\GumBullet.h">
      <Filter>Main\Bullet\GumBullet</Filter>
    </ClInclude>
    <ClInclude Include="Bullet\PierceBullet\PierceBullet.h">
      <Filter>Main\Bullet\PierceBullet</Filter>
    </ClInclude>
    <ClInclude Include="Bullet\NormalBullet\NormalBullet.h">
      <Filter>Main\Bullet\NormalBullet</Filter>
    </ClInclude>
    <ClInclude Include="Collision.h">
      <Filter>Main\Collision</Filter>
    </ClInclude>
    <ClInclude Include="Enemy\Battery\Cannon.h">
      <Filter>Main\Enemy\Cannon</Filter>
    </ClInclude>
  </ItemGroup>
</Project>